# This file is automatically @generated by Cargo.
# It is not intended for manual editing.
version = 4

[[package]]
name = "combination_sum"
version = "0.1.0"

[[package]]
name = "combination_sum_2"
version = "0.1.0"

[[package]]
name = "combination_sum_3"
version = "0.1.0"

[[package]]
name = "combine"
version = "0.1.0"

[[package]]
name = "letter_combinations_of_phone_number"
version = "0.1.0"

[[package]]
name = "restore_ip_addresses"
version = "0.1.0"

[[package]]
name = "sliced_to_palindrome"
version = "0.1.0"
