# This file is automatically @generated by Cargo.
# It is not intended for manual editing.
version = 4

[[package]]
name = "clime_stairs"
version = "0.1.0"

[[package]]
name = "fib"
version = "0.1.0"

[[package]]
name = "integer_break"
version = "0.1.0"

[[package]]
name = "min_cost_climbing_stairs"
version = "0.1.0"

[[package]]
name = "possible_bst_from_sorted_array"
version = "0.1.0"

[[package]]
name = "unique_paths"
version = "0.1.0"

[[package]]
name = "zero_one_knapsack"
version = "0.1.0"
