# This file is automatically @generated by Cargo.
# It is not intended for manual editing.
version = 4

[[package]]
name = "balance_tree"
version = "0.1.0"

[[package]]
name = "bfs_traverse"
version = "0.1.0"

[[package]]
name = "binary_search_tree"
version = "0.1.0"

[[package]]
name = "binary_tree_path"
version = "0.1.0"

[[package]]
name = "construct_maximum_binary_tree"
version = "0.1.0"

[[package]]
name = "has_path_sum"
version = "0.1.0"

[[package]]
name = "invert_tree"
version = "0.1.0"

[[package]]
name = "is_symmetric"
version = "0.1.0"

[[package]]
name = "is_valid_bst"
version = "0.1.0"

[[package]]
name = "iteration_traverse"
version = "0.1.0"

[[package]]
name = "max_depth"
version = "0.1.0"

[[package]]
name = "merge_trees"
version = "0.1.0"

[[package]]
name = "min_depth"
version = "0.1.0"

[[package]]
name = "most_left_on_bottom"
version = "0.1.0"

[[package]]
name = "rebuild_tree_by_2_traversal"
version = "0.1.0"

[[package]]
name = "recursive_traverse"
version = "0.1.0"

[[package]]
name = "sum_of_left_leaves"
version = "0.1.0"
