# This file is automatically @generated by Cargo.
# It is not intended for manual editing.
version = 3

[[package]]
name = "binary_search"
version = "0.1.0"

[[package]]
name = "delete_in_place"
version = "0.1.0"

[[package]]
name = "first_last_pos"
version = "0.1.0"

[[package]]
name = "generate_matrix"
version = "0.1.0"

[[package]]
name = "insert_place"
version = "0.1.0"

[[package]]
name = "min_sub_array_len"
version = "0.1.0"

[[package]]
name = "sorted_squares"
version = "0.1.0"

[[package]]
name = "two_sum"
version = "0.1.0"
