# This file is automatically @generated by Cargo.
# It is not intended for manual editing.
version = 4

[[package]]
name = "buy_stock"
version = "0.1.0"

[[package]]
name = "can_jump"
version = "0.1.0"

[[package]]
name = "find_content_children"
version = "0.1.0"

[[package]]
name = "gas_station"
version = "0.1.0"

[[package]]
name = "largest_sum_after_k_negations"
version = "0.1.0"

[[package]]
name = "lemonade_change"
version = "0.1.0"

[[package]]
name = "max_sub_array"
version = "0.1.0"

[[package]]
name = "wiggle_max_length"
version = "0.1.0"
